// !$*UTF8*$!
{
	archiveVersion = 1;
	classes = {
	};
	objectVersion = 46;
	objects = {

/* Begin PBXBuildFile section */
		E225079F1C98D6E5005F6E34 /* c_tokens.cpp in Sources */ = {isa = PBXBuildFile; fileRef = E225079E1C98D6E5005F6E34 /* c_tokens.cpp */; };
		E22507A21C99C1A4005F6E34 /* c_ast_expr_binary.cpp in Sources */ = {isa = PBXBuildFile; fileRef = E22507A01C99C1A4005F6E34 /* c_ast_expr_binary.cpp */; };
		E22507A61C99DC66005F6E34 /* c_ast.cpp in Sources */ = {isa = PBXBuildFile; fileRef = E22507A51C99DC66005F6E34 /* c_ast.cpp */; };
		E22507A91C99F2B1005F6E34 /* c_ast_expr_constant.cpp in Sources */ = {isa = PBXBuildFile; fileRef = E22507A71C99F2B1005F6E34 /* c_ast_expr_constant.cpp */; };
		E22507AC1C9A15CD005F6E34 /* c_ast_expr_identifier.cpp in Sources */ = {isa = PBXBuildFile; fileRef = E22507AA1C9A15CD005F6E34 /* c_ast_expr_identifier.cpp */; };
		E239AF211C832C2B001634B6 /* c_compiler.cpp in Sources */ = {isa = PBXBuildFile; fileRef = E239AF1D1C832C2B001634B6 /* c_compiler.cpp */; };
		E239AF221C832C2B001634B6 /* c_lexer.lpp in Sources */ = {isa = PBXBuildFile; fileRef = E239AF1E1C832C2B001634B6 /* c_lexer.lpp */; };
		E239AF231C832C2B001634B6 /* c_parser.ypp in Sources */ = {isa = PBXBuildFile; fileRef = E239AF1F1C832C2B001634B6 /* c_parser.ypp */; };
/* End PBXBuildFile section */

/* Begin PBXCopyFilesBuildPhase section */
		E239AF101C832B48001634B6 /* CopyFiles */ = {
			isa = PBXCopyFilesBuildPhase;
			buildActionMask = 2147483647;
			dstPath = /usr/share/man/man1/;
			dstSubfolderSpec = 0;
			files = (
			);
			runOnlyForDeploymentPostprocessing = 1;
		};
/* End PBXCopyFilesBuildPhase section */

/* Begin PBXFileReference section */
		E225079E1C98D6E5005F6E34 /* c_tokens.cpp */ = {isa = PBXFileReference; fileEncoding = 4; lastKnownFileType = sourcecode.cpp.cpp; path = c_tokens.cpp; sourceTree = "<group>"; };
		E22507A01C99C1A4005F6E34 /* c_ast_expr_binary.cpp */ = {isa = PBXFileReference; fileEncoding = 4; lastKnownFileType = sourcecode.cpp.cpp; path = c_ast_expr_binary.cpp; sourceTree = "<group>"; };
		E22507A11C99C1A4005F6E34 /* c_ast_expr_binary.hpp */ = {isa = PBXFileReference; fileEncoding = 4; lastKnownFileType = sourcecode.cpp.h; path = c_ast_expr_binary.hpp; sourceTree = "<group>"; };
		E22507A51C99DC66005F6E34 /* c_ast.cpp */ = {isa = PBXFileReference; fileEncoding = 4; lastKnownFileType = sourcecode.cpp.cpp; path = c_ast.cpp; sourceTree = "<group>"; };
		E22507A71C99F2B1005F6E34 /* c_ast_expr_constant.cpp */ = {isa = PBXFileReference; fileEncoding = 4; lastKnownFileType = sourcecode.cpp.cpp; path = c_ast_expr_constant.cpp; sourceTree = "<group>"; };
		E22507A81C99F2B1005F6E34 /* c_ast_expr_constant.hpp */ = {isa = PBXFileReference; fileEncoding = 4; lastKnownFileType = sourcecode.cpp.h; path = c_ast_expr_constant.hpp; sourceTree = "<group>"; };
		E22507AA1C9A15CD005F6E34 /* c_ast_expr_identifier.cpp */ = {isa = PBXFileReference; fileEncoding = 4; lastKnownFileType = sourcecode.cpp.cpp; path = c_ast_expr_identifier.cpp; sourceTree = "<group>"; };
		E22507AB1C9A15CD005F6E34 /* c_ast_expr_identifier.hpp */ = {isa = PBXFileReference; fileEncoding = 4; lastKnownFileType = sourcecode.cpp.h; path = c_ast_expr_identifier.hpp; sourceTree = "<group>"; };
		E239AF121C832B48001634B6 /* c_compiler */ = {isa = PBXFileReference; explicitFileType = "compiled.mach-o.executable"; includeInIndex = 0; path = c_compiler; sourceTree = BUILT_PRODUCTS_DIR; };
		E239AF1C1C832C2B001634B6 /* c_ast.hpp */ = {isa = PBXFileReference; fileEncoding = 4; lastKnownFileType = sourcecode.cpp.h; path = c_ast.hpp; sourceTree = "<group>"; };
		E239AF1D1C832C2B001634B6 /* c_compiler.cpp */ = {isa = PBXFileReference; fileEncoding = 4; lastKnownFileType = sourcecode.cpp.cpp; path = c_compiler.cpp; sourceTree = "<group>"; };
		E239AF1E1C832C2B001634B6 /* c_lexer.lpp */ = {isa = PBXFileReference; fileEncoding = 4; lastKnownFileType = sourcecode.lex; path = c_lexer.lpp; sourceTree = "<group>"; };
		E239AF1F1C832C2B001634B6 /* c_parser.ypp */ = {isa = PBXFileReference; fileEncoding = 4; lastKnownFileType = sourcecode.yacc; path = c_parser.ypp; sourceTree = "<group>"; };
		E239AF201C832C2B001634B6 /* c_tokens.hpp */ = {isa = PBXFileReference; fileEncoding = 4; lastKnownFileType = sourcecode.cpp.h; path = c_tokens.hpp; sourceTree = "<group>"; };
/* End PBXFileReference section */

/* Begin PBXFrameworksBuildPhase section */
		E239AF0F1C832B48001634B6 /* Frameworks */ = {
			isa = PBXFrameworksBuildPhase;
			buildActionMask = 2147483647;
			files = (
			);
			runOnlyForDeploymentPostprocessing = 0;
		};
/* End PBXFrameworksBuildPhase section */

/* Begin PBXGroup section */
		E22507A31C99C1C1005F6E34 /* AST */ = {
			isa = PBXGroup;
			children = (
				E239AF1C1C832C2B001634B6 /* c_ast.hpp */,
				E22507A51C99DC66005F6E34 /* c_ast.cpp */,
				E22507A41C99C1C7005F6E34 /* Expressions */,
			);
			name = AST;
			sourceTree = "<group>";
		};
		E22507A41C99C1C7005F6E34 /* Expressions */ = {
			isa = PBXGroup;
			children = (
				E22507A01C99C1A4005F6E34 /* c_ast_expr_binary.cpp */,
				E22507A11C99C1A4005F6E34 /* c_ast_expr_binary.hpp */,
				E22507A71C99F2B1005F6E34 /* c_ast_expr_constant.cpp */,
				E22507A81C99F2B1005F6E34 /* c_ast_expr_constant.hpp */,
				E22507AA1C9A15CD005F6E34 /* c_ast_expr_identifier.cpp */,
				E22507AB1C9A15CD005F6E34 /* c_ast_expr_identifier.hpp */,
			);
			name = Expressions;
			sourceTree = "<group>";
		};
		E239AF091C832B48001634B6 = {
			isa = PBXGroup;
			children = (
				E239AF141C832B48001634B6 /* src */,
				E239AF131C832B48001634B6 /* bin */,
			);
			sourceTree = "<group>";
		};
		E239AF131C832B48001634B6 /* bin */ = {
			isa = PBXGroup;
			children = (
				E239AF121C832B48001634B6 /* c_compiler */,
			);
			name = bin;
			sourceTree = "<group>";
		};
		E239AF141C832B48001634B6 /* src */ = {
			isa = PBXGroup;
			children = (
				E239AF201C832C2B001634B6 /* c_tokens.hpp */,
				E225079E1C98D6E5005F6E34 /* c_tokens.cpp */,
				E22507A31C99C1C1005F6E34 /* AST */,
				E239AF1D1C832C2B001634B6 /* c_compiler.cpp */,
				E239AF1E1C832C2B001634B6 /* c_lexer.lpp */,
				E239AF1F1C832C2B001634B6 /* c_parser.ypp */,
			);
			name = src;
			path = c_compiler;
			sourceTree = "<group>";
		};
/* End PBXGroup section */

/* Begin PBXNativeTarget section */
		E239AF111C832B48001634B6 /* c_compiler */ = {
			isa = PBXNativeTarget;
			buildConfigurationList = E239AF191C832B48001634B6 /* Build configuration list for PBXNativeTarget "c_compiler" */;
			buildPhases = (
				E239AF0E1C832B48001634B6 /* Sources */,
				E239AF0F1C832B48001634B6 /* Frameworks */,
				E239AF101C832B48001634B6 /* CopyFiles */,
			);
			buildRules = (
			);
			dependencies = (
			);
			name = c_compiler;
			productName = c_compiler;
			productReference = E239AF121C832B48001634B6 /* c_compiler */;
			productType = "com.apple.product-type.tool";
		};
/* End PBXNativeTarget section */

/* Begin PBXProject section */
		E239AF0A1C832B48001634B6 /* Project object */ = {
			isa = PBXProject;
			attributes = {
				LastUpgradeCheck = 0720;
				ORGANIZATIONNAME = "Tom Hartley";
				TargetAttributes = {
					E239AF111C832B48001634B6 = {
						CreatedOnToolsVersion = 7.2.1;
					};
				};
			};
			buildConfigurationList = E239AF0D1C832B48001634B6 /* Build configuration list for PBXProject "c_compiler" */;
			compatibilityVersion = "Xcode 3.2";
			developmentRegion = English;
			hasScannedForEncodings = 0;
			knownRegions = (
				en,
			);
			mainGroup = E239AF091C832B48001634B6;
			productRefGroup = E239AF131C832B48001634B6 /* bin */;
			projectDirPath = "";
			projectRoot = "";
			targets = (
				E239AF111C832B48001634B6 /* c_compiler */,
			);
		};
/* End PBXProject section */

/* Begin PBXSourcesBuildPhase section */
		E239AF0E1C832B48001634B6 /* Sources */ = {
			isa = PBXSourcesBuildPhase;
			buildActionMask = 2147483647;
			files = (
				E239AF231C832C2B001634B6 /* c_parser.ypp in Sources */,
				E239AF211C832C2B001634B6 /* c_compiler.cpp in Sources */,
				E239AF221C832C2B001634B6 /* c_lexer.lpp in Sources */,
				E22507A21C99C1A4005F6E34 /* c_ast_expr_binary.cpp in Sources */,
				E22507AC1C9A15CD005F6E34 /* c_ast_expr_identifier.cpp in Sources */,
				E22507A61C99DC66005F6E34 /* c_ast.cpp in Sources */,
				E225079F1C98D6E5005F6E34 /* c_tokens.cpp in Sources */,
				E22507A91C99F2B1005F6E34 /* c_ast_expr_constant.cpp in Sources */,
			);
			runOnlyForDeploymentPostprocessing = 0;
		};
/* End PBXSourcesBuildPhase section */

/* Begin XCBuildConfiguration section */
		E239AF171C832B48001634B6 /* Debug */ = {
			isa = XCBuildConfiguration;
			buildSettings = {
				ALWAYS_SEARCH_USER_PATHS = NO;
				CLANG_CXX_LANGUAGE_STANDARD = "gnu++0x";
				CLANG_CXX_LIBRARY = "libc++";
				CLANG_ENABLE_MODULES = YES;
				CLANG_ENABLE_OBJC_ARC = YES;
				CLANG_WARN_BOOL_CONVERSION = YES;
				CLANG_WARN_CONSTANT_CONVERSION = YES;
				CLANG_WARN_DIRECT_OBJC_ISA_USAGE = YES_ERROR;
				CLANG_WARN_EMPTY_BODY = YES;
				CLANG_WARN_ENUM_CONVERSION = YES;
				CLANG_WARN_INT_CONVERSION = YES;
				CLANG_WARN_OBJC_ROOT_CLASS = YES_ERROR;
				CLANG_WARN_UNREACHABLE_CODE = YES;
				CLANG_WARN__DUPLICATE_METHOD_MATCH = YES;
				CODE_SIGN_IDENTITY = "-";
				COPY_PHASE_STRIP = NO;
				DEBUG_INFORMATION_FORMAT = dwarf;
				ENABLE_STRICT_OBJC_MSGSEND = YES;
				ENABLE_TESTABILITY = YES;
				GCC_C_LANGUAGE_STANDARD = gnu99;
				GCC_DYNAMIC_NO_PIC = NO;
				GCC_NO_COMMON_BLOCKS = YES;
				GCC_OPTIMIZATION_LEVEL = 0;
				GCC_PREPROCESSOR_DEFINITIONS = (
					"DEBUG=1",
					"$(inherited)",
				);
				GCC_WARN_64_TO_32_BIT_CONVERSION = YES;
				GCC_WARN_ABOUT_RETURN_TYPE = YES_ERROR;
				GCC_WARN_UNDECLARED_SELECTOR = YES;
				GCC_WARN_UNINITIALIZED_AUTOS = YES_AGGRESSIVE;
				GCC_WARN_UNUSED_FUNCTION = YES;
				GCC_WARN_UNUSED_VARIABLE = YES;
				MACOSX_DEPLOYMENT_TARGET = 10.11;
				MTL_ENABLE_DEBUG_INFO = YES;
				ONLY_ACTIVE_ARCH = YES;
				SDKROOT = macosx;
			};
			name = Debug;
		};
		E239AF181C832B48001634B6 /* Release */ = {
			isa = XCBuildConfiguration;
			buildSettings = {
				ALWAYS_SEARCH_USER_PATHS = NO;
				CLANG_CXX_LANGUAGE_STANDARD = "gnu++0x";
				CLANG_CXX_LIBRARY = "libc++";
				CLANG_ENABLE_MODULES = YES;
				CLANG_ENABLE_OBJC_ARC = YES;
				CLANG_WARN_BOOL_CONVERSION = YES;
				CLANG_WARN_CONSTANT_CONVERSION = YES;
				CLANG_WARN_DIRECT_OBJC_ISA_USAGE = YES_ERROR;
				CLANG_WARN_EMPTY_BODY = YES;
				CLANG_WARN_ENUM_CONVERSION = YES;
				CLANG_WARN_INT_CONVERSION = YES;
				CLANG_WARN_OBJC_ROOT_CLASS = YES_ERROR;
				CLANG_WARN_UNREACHABLE_CODE = YES;
				CLANG_WARN__DUPLICATE_METHOD_MATCH = YES;
				CODE_SIGN_IDENTITY = "-";
				COPY_PHASE_STRIP = NO;
				DEBUG_INFORMATION_FORMAT = "dwarf-with-dsym";
				ENABLE_NS_ASSERTIONS = NO;
				ENABLE_STRICT_OBJC_MSGSEND = YES;
				GCC_C_LANGUAGE_STANDARD = gnu99;
				GCC_NO_COMMON_BLOCKS = YES;
				GCC_WARN_64_TO_32_BIT_CONVERSION = YES;
				GCC_WARN_ABOUT_RETURN_TYPE = YES_ERROR;
				GCC_WARN_UNDECLARED_SELECTOR = YES;
				GCC_WARN_UNINITIALIZED_AUTOS = YES_AGGRESSIVE;
				GCC_WARN_UNUSED_FUNCTION = YES;
				GCC_WARN_UNUSED_VARIABLE = YES;
				MACOSX_DEPLOYMENT_TARGET = 10.11;
				MTL_ENABLE_DEBUG_INFO = NO;
				SDKROOT = macosx;
			};
			name = Release;
		};
		E239AF1A1C832B48001634B6 /* Debug */ = {
			isa = XCBuildConfiguration;
			buildSettings = {
				PRODUCT_NAME = "$(TARGET_NAME)";
			};
			name = Debug;
		};
		E239AF1B1C832B48001634B6 /* Release */ = {
			isa = XCBuildConfiguration;
			buildSettings = {
				PRODUCT_NAME = "$(TARGET_NAME)";
			};
			name = Release;
		};
/* End XCBuildConfiguration section */

/* Begin XCConfigurationList section */
		E239AF0D1C832B48001634B6 /* Build configuration list for PBXProject "c_compiler" */ = {
			isa = XCConfigurationList;
			buildConfigurations = (
				E239AF171C832B48001634B6 /* Debug */,
				E239AF181C832B48001634B6 /* Release */,
			);
			defaultConfigurationIsVisible = 0;
			defaultConfigurationName = Release;
		};
		E239AF191C832B48001634B6 /* Build configuration list for PBXNativeTarget "c_compiler" */ = {
			isa = XCConfigurationList;
			buildConfigurations = (
				E239AF1A1C832B48001634B6 /* Debug */,
				E239AF1B1C832B48001634B6 /* Release */,
			);
			defaultConfigurationIsVisible = 0;
			defaultConfigurationName = Release;
		};
/* End XCConfigurationList section */
	};
	rootObject = E239AF0A1C832B48001634B6 /* Project object */;
}
